<Solution>
  <Configurations>
    <Platform Name="x64" />
    <Platform Name="x86" />
  </Configurations>
  <Project Path="labN3z1Var4/labN3z1Var4.vcxproj" Id="05c50920-3390-4e56-9c70-12b099706028" />
  <Project Path="labN3z2Var7/labN3z2Var7.vcxproj" Id="15e46e36-b6e6-498f-9e3b-7e6342a6e9a7" />
  <Project Path="labN4Var3/labN4Var3.vcxproj" Id="11dfba51-61cc-4380-b783-2826cb975c38" />
  <Project Path="labN4Var7/labN4Var7.vcxproj" Id="a7d4483c-9dcb-4be9-b498-777cb9421350" />
  <Project Path="labN5Var3/labN5Var3.vcxproj" Id="3fdba7e0-63f4-4d3c-8c74-579c1d656ef3" />
  <Project Path="labN5Var7/labN5Var7.vcxproj" Id="128b03bc-21c7-4b59-9b6f-3f231be7e1f4" />
  <Project Path="LabN6z1Var11/LabN6z1Var11.vcxproj" Id="32e9235c-acd0-4baf-ba4b-39d4e45d5cda" />
  <Project Path="labN6z2Var11/labN6z2Var11.vcxproj" Id="f90be557-0c13-40eb-ba45-24701143fd2c" />
</Solution>
